{
  "nodes": {
    "checkmk": {
      "flake": false,
      "locked": {
        "lastModified": 1673600050,
        "narHash": "sha256-NtEgXmwFPubT2mFRM171k52tD6Ref6NmZNM/YZzKRnE=",
        "owner": "tribe29",
        "repo": "checkmk",
        "rev": "f2879ef2ce6b2ede505fdae30dd861dcdf843622",
        "type": "github"
      },
      "original": {
        "owner": "tribe29",
        "ref": "2.1.0",
        "repo": "checkmk",
        "type": "github"
      }
    },
    "nixpkgs": {
      "locked": {
        "lastModified": 1673450908,
        "narHash": "sha256-b8em+kwrNtnB7gR8SyVf6WuTyQ+6tHS6dzt9D9wgKF0=",
        "owner": "NixOS",
        "repo": "nixpkgs",
        "rev": "6c8644fc37b6e141cbfa6c7dc8d98846c4ff0c2e",
        "type": "github"
      },
      "original": {
        "id": "nixpkgs",
        "ref": "nixos-unstable",
        "type": "indirect"
      }
    },
    "root": {
      "inputs": {
        "checkmk": "checkmk",
        "nixpkgs": "nixpkgs"
      }
    }
  },
  "root": "root",
  "version": 7
}
